
Microsoft Visual Studio Solution File, Format Version 12.00
# Visual Studio Version 17
VisualStudioVersion = 17.11.35222.181
MinimumVisualStudioVersion = 10.0.40219.1
Project("{FAE04EC0-301F-11D3-BF4B-00C04F79EFBC}") = "Inlämningsuppgift_1._3", "Inlämningsuppgift_1._3\Inlämningsuppgift_1._3.csproj", "{FC267952-BD1C-4C88-A76B-9DD162D1F6DE}"
EndProject
Global
	GlobalSection(SolutionConfigurationPlatforms) = preSolution
		Debug|Any CPU = Debug|Any CPU
		Release|Any CPU = Release|Any CPU
	EndGlobalSection
	GlobalSection(ProjectConfigurationPlatforms) = postSolution
		{FC267952-BD1C-4C88-A76B-9DD162D1F6DE}.Debug|Any CPU.ActiveCfg = Debug|Any CPU
		{FC267952-BD1C-4C88-A76B-9DD162D1F6DE}.Debug|Any CPU.Build.0 = Debug|Any CPU
		{FC267952-BD1C-4C88-A76B-9DD162D1F6DE}.Release|Any CPU.ActiveCfg = Release|Any CPU
		{FC267952-BD1C-4C88-A76B-9DD162D1F6DE}.Release|Any CPU.Build.0 = Release|Any CPU
	EndGlobalSection
	GlobalSection(SolutionProperties) = preSolution
		HideSolutionNode = FALSE
	EndGlobalSection
	GlobalSection(ExtensibilityGlobals) = postSolution
		SolutionGuid = {89F6DC6D-2684-4455-A275-C572E830787B}
	EndGlobalSection
EndGlobal
